
Microsoft Visual Studio Solution File, Format Version 12.00
# Visual Studio Version 17
VisualStudioVersion = 17.5.33530.505
MinimumVisualStudioVersion = 10.0.40219.1
Project("{FAE04EC0-301F-11D3-BF4B-00C04F79EFBC}") = "TwoWayDataExchange", "TwoWayDataExchange.csproj", "{BF13855A-552D-447D-9C1C-231E169D11FC}"
EndProject
Global
	GlobalSection(SolutionConfigurationPlatforms) = preSolution
		Debug|Any CPU = Debug|Any CPU
		Release|Any CPU = Release|Any CPU
	EndGlobalSection
	GlobalSection(ProjectConfigurationPlatforms) = postSolution
		{BF13855A-552D-447D-9C1C-231E169D11FC}.Debug|Any CPU.ActiveCfg = Debug|Any CPU
		{BF13855A-552D-447D-9C1C-231E169D11FC}.Debug|Any CPU.Build.0 = Debug|Any CPU
		{BF13855A-552D-447D-9C1C-231E169D11FC}.Release|Any CPU.ActiveCfg = Release|Any CPU
		{BF13855A-552D-447D-9C1C-231E169D11FC}.Release|Any CPU.Build.0 = Release|Any CPU
	EndGlobalSection
	GlobalSection(SolutionProperties) = preSolution
		HideSolutionNode = FALSE
	EndGlobalSection
	GlobalSection(ExtensibilityGlobals) = postSolution
		SolutionGuid = {C61A5FDC-6DFF-4740-9D33-2B638172A325}
	EndGlobalSection
EndGlobal
